
Microsoft Visual Studio Solution File, Format Version 12.00
# Visual Studio Version 16
VisualStudioVersion = 16.0.34031.81
MinimumVisualStudioVersion = 10.0.40219.1
Project("{888888A0-9F3D-457C-B088-3A5042F75D52}") = "practica 10 de python", "practica 10 de python\practica 10 de python.pyproj", "{84596DB2-380E-4293-8F23-8FE74B2976C9}"
EndProject
Global
	GlobalSection(SolutionConfigurationPlatforms) = preSolution
		Debug|Any CPU = Debug|Any CPU
		Release|Any CPU = Release|Any CPU
	EndGlobalSection
	GlobalSection(ProjectConfigurationPlatforms) = postSolution
		{84596DB2-380E-4293-8F23-8FE74B2976C9}.Debug|Any CPU.ActiveCfg = Debug|Any CPU
		{84596DB2-380E-4293-8F23-8FE74B2976C9}.Release|Any CPU.ActiveCfg = Release|Any CPU
	EndGlobalSection
	GlobalSection(SolutionProperties) = preSolution
		HideSolutionNode = FALSE
	EndGlobalSection
	GlobalSection(ExtensibilityGlobals) = postSolution
		SolutionGuid = {737CE399-1E91-4395-A854-80058C28D992}
	EndGlobalSection
EndGlobal
